dependencies:
  espressif/cjson:
    component_hash: 9372811fb197926f522c467627cf4a8e72b681e0366e17879631da801103aef3
    dependencies:
    - name: idf
      require: private
      version: '>=5.0'
    source:
      registry_url: https://components.espressif.com/
      type: service
    version: 1.7.19
  espressif/esp_tinyusb:
    component_hash: 6f1f0c140990bf27a86611e3c1f47f9fa8468bffc3bf1eb6d551cb09f31f8908
    dependencies:
    - name: idf
      require: private
      version: '>=5.0'
    - name: espressif/tinyusb
      registry_url: https://components.espressif.com
      require: public
      version: '>=0.17.0~2'
    source:
      registry_url: https://components.espressif.com/
      type: service
    targets:
    - esp32s2
    - esp32s3
    - esp32p4
    - esp32h4
    version: 2.0.1~1
  espressif/mdns:
    component_hash: 459eef3d6fc4a224c7fdac2943233daa67e2c6588459177cb2414af586fb8700
    dependencies:
    - name: idf
      require: private
      version: '>=5.0'
    source:
      registry_url: https://components.espressif.com/
      type: service
    version: 1.13.0
  espressif/tinyusb:
    component_hash: a72b7d67472914ab76309340fd50d578b31e310963d45ad0f81144bde3314752
    dependencies:
    - name: idf
      require: private
      version: '>=5.0'
    source:
      registry_url: https://components.espressif.com
      type: service
    targets:
    - esp32s2
    - esp32s3
    - esp32p4
    - esp32h4
    - esp32s31
    version: 0.21.0~1
  idf:
    source:
      type: idf
    version: 6.1.0
direct_dependencies:
- espressif/cjson
- espressif/esp_tinyusb
- espressif/mdns
manifest_hash: 9380e5b1aa910224a431aef9bad03f7d174055cdeb2e4aac6661920d66dce95a
target: esp32s3
version: 3.0.0
